// !$*UTF8*$!
{
	archiveVersion = 1;
	classes = {
	};
	objectVersion = 46;
	objects = {

/* Begin PBXBuildFile section */
		F93CF6511A675029007104D7 /* main.m in Sources */ = {isa = PBXBuildFile; fileRef = F93CF6501A675029007104D7 /* main.m */; };
		F93CF6541A675029007104D7 /* AppDelegate.m in Sources */ = {isa = PBXBuildFile; fileRef = F93CF6531A675029007104D7 /* AppDelegate.m */; };
		F93CF6571A675029007104D7 /* ViewController.m in Sources */ = {isa = PBXBuildFile; fileRef = F93CF6561A675029007104D7 /* ViewController.m */; };
		F93CF65A1A675029007104D7 /* Main.storyboard in Resources */ = {isa = PBXBuildFile; fileRef = F93CF6581A675029007104D7 /* Main.storyboard */; };
		F93CF65C1A675029007104D7 /* Images.xcassets in Resources */ = {isa = PBXBuildFile; fileRef = F93CF65B1A675029007104D7 /* Images.xcassets */; };
		F93CF65F1A675029007104D7 /* LaunchScreen.xib in Resources */ = {isa = PBXBuildFile; fileRef = F93CF65D1A675029007104D7 /* LaunchScreen.xib */; };
		F93CF66B1A675029007104D7 /* RPN_CalculatorTests.m in Sources */ = {isa = PBXBuildFile; fileRef = F93CF66A1A675029007104D7 /* RPN_CalculatorTests.m */; };
		F93CF6781A676A4C007104D7 /* CalculatorBrain.m in Sources */ = {isa = PBXBuildFile; fileRef = F93CF6771A676A4C007104D7 /* CalculatorBrain.m */; };
		F9EC5A831A7ECF01007FC2E7 /* UIViewController.m in Sources */ = {isa = PBXBuildFile; fileRef = F9EC5A821A7ECF01007FC2E7 /* UIViewController.m */; };
		F9EC5A871A7ECF58007FC2E7 /* UIView.m in Sources */ = {isa = PBXBuildFile; fileRef = F9EC5A861A7ECF58007FC2E7 /* UIView.m */; };
		F9EC5A8A1A7ECFEC007FC2E7 /* AxesDrawer.m in Sources */ = {isa = PBXBuildFile; fileRef = F9EC5A881A7ECFEC007FC2E7 /* AxesDrawer.m */; };
/* End PBXBuildFile section */

/* Begin PBXContainerItemProxy section */
		F93CF6651A675029007104D7 /* PBXContainerItemProxy */ = {
			isa = PBXContainerItemProxy;
			containerPortal = F93CF6431A675029007104D7 /* Project object */;
			proxyType = 1;
			remoteGlobalIDString = F93CF64A1A675029007104D7;
			remoteInfo = "RPN Calculator";
		};
/* End PBXContainerItemProxy section */

/* Begin PBXFileReference section */
		F93CF64B1A675029007104D7 /* RPN Calculator.app */ = {isa = PBXFileReference; explicitFileType = wrapper.application; includeInIndex = 0; path = "RPN Calculator.app"; sourceTree = BUILT_PRODUCTS_DIR; };
		F93CF64F1A675029007104D7 /* Info.plist */ = {isa = PBXFileReference; lastKnownFileType = text.plist.xml; path = Info.plist; sourceTree = "<group>"; };
		F93CF6501A675029007104D7 /* main.m */ = {isa = PBXFileReference; lastKnownFileType = sourcecode.c.objc; path = main.m; sourceTree = "<group>"; };
		F93CF6521A675029007104D7 /* AppDelegate.h */ = {isa = PBXFileReference; lastKnownFileType = sourcecode.c.h; path = AppDelegate.h; sourceTree = "<group>"; };
		F93CF6531A675029007104D7 /* AppDelegate.m */ = {isa = PBXFileReference; lastKnownFileType = sourcecode.c.objc; path = AppDelegate.m; sourceTree = "<group>"; };
		F93CF6551A675029007104D7 /* ViewController.h */ = {isa = PBXFileReference; lastKnownFileType = sourcecode.c.h; path = ViewController.h; sourceTree = "<group>"; };
		F93CF6561A675029007104D7 /* ViewController.m */ = {isa = PBXFileReference; lastKnownFileType = sourcecode.c.objc; path = ViewController.m; sourceTree = "<group>"; };
		F93CF6591A675029007104D7 /* Base */ = {isa = PBXFileReference; lastKnownFileType = file.storyboard; name = Base; path = Base.lproj/Main.storyboard; sourceTree = "<group>"; };
		F93CF65B1A675029007104D7 /* Images.xcassets */ = {isa = PBXFileReference; lastKnownFileType = folder.assetcatalog; path = Images.xcassets; sourceTree = "<group>"; };
		F93CF65E1A675029007104D7 /* Base */ = {isa = PBXFileReference; lastKnownFileType = file.xib; name = Base; path = Base.lproj/LaunchScreen.xib; sourceTree = "<group>"; };
		F93CF6641A675029007104D7 /* RPN CalculatorTests.xctest */ = {isa = PBXFileReference; explicitFileType = wrapper.cfbundle; includeInIndex = 0; path = "RPN CalculatorTests.xctest"; sourceTree = BUILT_PRODUCTS_DIR; };
		F93CF6691A675029007104D7 /* Info.plist */ = {isa = PBXFileReference; lastKnownFileType = text.plist.xml; path = Info.plist; sourceTree = "<group>"; };
		F93CF66A1A675029007104D7 /* RPN_CalculatorTests.m */ = {isa = PBXFileReference; lastKnownFileType = sourcecode.c.objc; path = RPN_CalculatorTests.m; sourceTree = "<group>"; };
		F93CF6761A676A4C007104D7 /* CalculatorBrain.h */ = {isa = PBXFileReference; fileEncoding = 4; lastKnownFileType = sourcecode.c.h; path = CalculatorBrain.h; sourceTree = "<group>"; };
		F93CF6771A676A4C007104D7 /* CalculatorBrain.m */ = {isa = PBXFileReference; fileEncoding = 4; lastKnownFileType = sourcecode.c.objc; path = CalculatorBrain.m; sourceTree = "<group>"; };
		F9EC5A821A7ECF01007FC2E7 /* UIViewController.m */ = {isa = PBXFileReference; fileEncoding = 4; lastKnownFileType = sourcecode.c.objc; path = UIViewController.m; sourceTree = "<group>"; };
		F9EC5A841A7ECF3A007FC2E7 /* UIViewController.h */ = {isa = PBXFileReference; lastKnownFileType = sourcecode.c.h; path = UIViewController.h; sourceTree = "<group>"; };
		F9EC5A851A7ECF44007FC2E7 /* UIView.h */ = {isa = PBXFileReference; lastKnownFileType = sourcecode.c.h; path = UIView.h; sourceTree = "<group>"; };
		F9EC5A861A7ECF58007FC2E7 /* UIView.m */ = {isa = PBXFileReference; fileEncoding = 4; lastKnownFileType = sourcecode.c.objc; path = UIView.m; sourceTree = "<group>"; };
		F9EC5A881A7ECFEC007FC2E7 /* AxesDrawer.m */ = {isa = PBXFileReference; fileEncoding = 4; lastKnownFileType = sourcecode.c.objc; path = AxesDrawer.m; sourceTree = "<group>"; };
		F9EC5A891A7ECFEC007FC2E7 /* AxesDrawer.h */ = {isa = PBXFileReference; fileEncoding = 4; lastKnownFileType = sourcecode.c.h; path = AxesDrawer.h; sourceTree = "<group>"; };
/* End PBXFileReference section */

/* Begin PBXFrameworksBuildPhase section */
		F93CF6481A675029007104D7 /* Frameworks */ = {
			isa = PBXFrameworksBuildPhase;
			buildActionMask = 2147483647;
			files = (
			);
			runOnlyForDeploymentPostprocessing = 0;
		};
		F93CF6611A675029007104D7 /* Frameworks */ = {
			isa = PBXFrameworksBuildPhase;
			buildActionMask = 2147483647;
			files = (
			);
			runOnlyForDeploymentPostprocessing = 0;
		};
/* End PBXFrameworksBuildPhase section */

/* Begin PBXGroup section */
		F93CF6421A675029007104D7 = {
			isa = PBXGroup;
			children = (
				F93CF64D1A675029007104D7 /* RPN Calculator */,
				F93CF6671A675029007104D7 /* RPN CalculatorTests */,
				F93CF64C1A675029007104D7 /* Products */,
			);
			sourceTree = "<group>";
		};
		F93CF64C1A675029007104D7 /* Products */ = {
			isa = PBXGroup;
			children = (
				F93CF64B1A675029007104D7 /* RPN Calculator.app */,
				F93CF6641A675029007104D7 /* RPN CalculatorTests.xctest */,
			);
			name = Products;
			sourceTree = "<group>";
		};
		F93CF64D1A675029007104D7 /* RPN Calculator */ = {
			isa = PBXGroup;
			children = (
				F93CF6761A676A4C007104D7 /* CalculatorBrain.h */,
				F93CF6771A676A4C007104D7 /* CalculatorBrain.m */,
				F93CF6521A675029007104D7 /* AppDelegate.h */,
				F93CF6531A675029007104D7 /* AppDelegate.m */,
				F93CF6551A675029007104D7 /* ViewController.h */,
				F93CF6561A675029007104D7 /* ViewController.m */,
				F93CF6581A675029007104D7 /* Main.storyboard */,
				F9EC5A821A7ECF01007FC2E7 /* UIViewController.m */,
				F9EC5A841A7ECF3A007FC2E7 /* UIViewController.h */,
				F9EC5A851A7ECF44007FC2E7 /* UIView.h */,
				F9EC5A861A7ECF58007FC2E7 /* UIView.m */,
				F9EC5A881A7ECFEC007FC2E7 /* AxesDrawer.m */,
				F9EC5A891A7ECFEC007FC2E7 /* AxesDrawer.h */,
				F93CF65B1A675029007104D7 /* Images.xcassets */,
				F93CF65D1A675029007104D7 /* LaunchScreen.xib */,
				F93CF64E1A675029007104D7 /* Supporting Files */,
			);
			path = "RPN Calculator";
			sourceTree = "<group>";
		};
		F93CF64E1A675029007104D7 /* Supporting Files */ = {
			isa = PBXGroup;
			children = (
				F93CF64F1A675029007104D7 /* Info.plist */,
				F93CF6501A675029007104D7 /* main.m */,
			);
			name = "Supporting Files";
			sourceTree = "<group>";
		};
		F93CF6671A675029007104D7 /* RPN CalculatorTests */ = {
			isa = PBXGroup;
			children = (
				F93CF66A1A675029007104D7 /* RPN_CalculatorTests.m */,
				F93CF6681A675029007104D7 /* Supporting Files */,
			);
			path = "RPN CalculatorTests";
			sourceTree = "<group>";
		};
		F93CF6681A675029007104D7 /* Supporting Files */ = {
			isa = PBXGroup;
			children = (
				F93CF6691A675029007104D7 /* Info.plist */,
			);
			name = "Supporting Files";
			sourceTree = "<group>";
		};
/* End PBXGroup section */

/* Begin PBXNativeTarget section */
		F93CF64A1A675029007104D7 /* RPN Calculator */ = {
			isa = PBXNativeTarget;
			buildConfigurationList = F93CF66E1A675029007104D7 /* Build configuration list for PBXNativeTarget "RPN Calculator" */;
			buildPhases = (
				F93CF6471A675029007104D7 /* Sources */,
				F93CF6481A675029007104D7 /* Frameworks */,
				F93CF6491A675029007104D7 /* Resources */,
			);
			buildRules = (
			);
			dependencies = (
			);
			name = "RPN Calculator";
			productName = "RPN Calculator";
			productReference = F93CF64B1A675029007104D7 /* RPN Calculator.app */;
			productType = "com.apple.product-type.application";
		};
		F93CF6631A675029007104D7 /* RPN CalculatorTests */ = {
			isa = PBXNativeTarget;
			buildConfigurationList = F93CF6711A675029007104D7 /* Build configuration list for PBXNativeTarget "RPN CalculatorTests" */;
			buildPhases = (
				F93CF6601A675029007104D7 /* Sources */,
				F93CF6611A675029007104D7 /* Frameworks */,
				F93CF6621A675029007104D7 /* Resources */,
			);
			buildRules = (
			);
			dependencies = (
				F93CF6661A675029007104D7 /* PBXTargetDependency */,
			);
			name = "RPN CalculatorTests";
			productName = "RPN CalculatorTests";
			productReference = F93CF6641A675029007104D7 /* RPN CalculatorTests.xctest */;
			productType = "com.apple.product-type.bundle.unit-test";
		};
/* End PBXNativeTarget section */

/* Begin PBXProject section */
		F93CF6431A675029007104D7 /* Project object */ = {
			isa = PBXProject;
			attributes = {
				CLASSPREFIX = Calculator;
				LastUpgradeCheck = 0610;
				ORGANIZATIONNAME = "Ryan Lake";
				TargetAttributes = {
					F93CF64A1A675029007104D7 = {
						CreatedOnToolsVersion = 6.1.1;
					};
					F93CF6631A675029007104D7 = {
						CreatedOnToolsVersion = 6.1.1;
						TestTargetID = F93CF64A1A675029007104D7;
					};
				};
			};
			buildConfigurationList = F93CF6461A675029007104D7 /* Build configuration list for PBXProject "RPN Calculator" */;
			compatibilityVersion = "Xcode 3.2";
			developmentRegion = English;
			hasScannedForEncodings = 0;
			knownRegions = (
				en,
				Base,
			);
			mainGroup = F93CF6421A675029007104D7;
			productRefGroup = F93CF64C1A675029007104D7 /* Products */;
			projectDirPath = "";
			projectRoot = "";
			targets = (
				F93CF64A1A675029007104D7 /* RPN Calculator */,
				F93CF6631A675029007104D7 /* RPN CalculatorTests */,
			);
		};
/* End PBXProject section */

/* Begin PBXResourcesBuildPhase section */
		F93CF6491A675029007104D7 /* Resources */ = {
			isa = PBXResourcesBuildPhase;
			buildActionMask = 2147483647;
			files = (
				F93CF65A1A675029007104D7 /* Main.storyboard in Resources */,
				F93CF65F1A675029007104D7 /* LaunchScreen.xib in Resources */,
				F93CF65C1A675029007104D7 /* Images.xcassets in Resources */,
			);
			runOnlyForDeploymentPostprocessing = 0;
		};
		F93CF6621A675029007104D7 /* Resources */ = {
			isa = PBXResourcesBuildPhase;
			buildActionMask = 2147483647;
			files = (
			);
			runOnlyForDeploymentPostprocessing = 0;
		};
/* End PBXResourcesBuildPhase section */

/* Begin PBXSourcesBuildPhase section */
		F93CF6471A675029007104D7 /* Sources */ = {
			isa = PBXSourcesBuildPhase;
			buildActionMask = 2147483647;
			files = (
				F93CF6571A675029007104D7 /* ViewController.m in Sources */,
				F9EC5A8A1A7ECFEC007FC2E7 /* AxesDrawer.m in Sources */,
				F93CF6541A675029007104D7 /* AppDelegate.m in Sources */,
				F9EC5A871A7ECF58007FC2E7 /* UIView.m in Sources */,
				F93CF6781A676A4C007104D7 /* CalculatorBrain.m in Sources */,
				F93CF6511A675029007104D7 /* main.m in Sources */,
				F9EC5A831A7ECF01007FC2E7 /* UIViewController.m in Sources */,
			);
			runOnlyForDeploymentPostprocessing = 0;
		};
		F93CF6601A675029007104D7 /* Sources */ = {
			isa = PBXSourcesBuildPhase;
			buildActionMask = 2147483647;
			files = (
				F93CF66B1A675029007104D7 /* RPN_CalculatorTests.m in Sources */,
			);
			runOnlyForDeploymentPostprocessing = 0;
		};
/* End PBXSourcesBuildPhase section */

/* Begin PBXTargetDependency section */
		F93CF6661A675029007104D7 /* PBXTargetDependency */ = {
			isa = PBXTargetDependency;
			target = F93CF64A1A675029007104D7 /* RPN Calculator */;
			targetProxy = F93CF6651A675029007104D7 /* PBXContainerItemProxy */;
		};
/* End PBXTargetDependency section */

/* Begin PBXVariantGroup section */
		F93CF6581A675029007104D7 /* Main.storyboard */ = {
			isa = PBXVariantGroup;
			children = (
				F93CF6591A675029007104D7 /* Base */,
			);
			name = Main.storyboard;
			sourceTree = "<group>";
		};
		F93CF65D1A675029007104D7 /* LaunchScreen.xib */ = {
			isa = PBXVariantGroup;
			children = (
				F93CF65E1A675029007104D7 /* Base */,
			);
			name = LaunchScreen.xib;
			sourceTree = "<group>";
		};
/* End PBXVariantGroup section */

/* Begin XCBuildConfiguration section */
		F93CF66C1A675029007104D7 /* Debug */ = {
			isa = XCBuildConfiguration;
			buildSettings = {
				ALWAYS_SEARCH_USER_PATHS = NO;
				CLANG_CXX_LANGUAGE_STANDARD = "gnu++0x";
				CLANG_CXX_LIBRARY = "libc++";
				CLANG_ENABLE_MODULES = YES;
				CLANG_ENABLE_OBJC_ARC = YES;
				CLANG_WARN_BOOL_CONVERSION = YES;
				CLANG_WARN_CONSTANT_CONVERSION = YES;
				CLANG_WARN_DIRECT_OBJC_ISA_USAGE = YES_ERROR;
				CLANG_WARN_EMPTY_BODY = YES;
				CLANG_WARN_ENUM_CONVERSION = YES;
				CLANG_WARN_INT_CONVERSION = YES;
				CLANG_WARN_OBJC_ROOT_CLASS = YES_ERROR;
				CLANG_WARN_UNREACHABLE_CODE = YES;
				CLANG_WARN__DUPLICATE_METHOD_MATCH = YES;
				"CODE_SIGN_IDENTITY[sdk=iphoneos*]" = "iPhone Developer";
				COPY_PHASE_STRIP = NO;
				ENABLE_STRICT_OBJC_MSGSEND = YES;
				GCC_C_LANGUAGE_STANDARD = gnu99;
				GCC_DYNAMIC_NO_PIC = NO;
				GCC_OPTIMIZATION_LEVEL = 0;
				GCC_PREPROCESSOR_DEFINITIONS = (
					"DEBUG=1",
					"$(inherited)",
				);
				GCC_SYMBOLS_PRIVATE_EXTERN = NO;
				GCC_WARN_64_TO_32_BIT_CONVERSION = YES;
				GCC_WARN_ABOUT_RETURN_TYPE = YES_ERROR;
				GCC_WARN_UNDECLARED_SELECTOR = YES;
				GCC_WARN_UNINITIALIZED_AUTOS = YES_AGGRESSIVE;
				GCC_WARN_UNUSED_FUNCTION = YES;
				GCC_WARN_UNUSED_VARIABLE = YES;
				IPHONEOS_DEPLOYMENT_TARGET = 8.1;
				MTL_ENABLE_DEBUG_INFO = YES;
				ONLY_ACTIVE_ARCH = YES;
				SDKROOT = iphoneos;
				TARGETED_DEVICE_FAMILY = "1,2";
			};
			name = Debug;
		};
		F93CF66D1A675029007104D7 /* Release */ = {
			isa = XCBuildConfiguration;
			buildSettings = {
				ALWAYS_SEARCH_USER_PATHS = NO;
				CLANG_CXX_LANGUAGE_STANDARD = "gnu++0x";
				CLANG_CXX_LIBRARY = "libc++";
				CLANG_ENABLE_MODULES = YES;
				CLANG_ENABLE_OBJC_ARC = YES;
				CLANG_WARN_BOOL_CONVERSION = YES;
				CLANG_WARN_CONSTANT_CONVERSION = YES;
				CLANG_WARN_DIRECT_OBJC_ISA_USAGE = YES_ERROR;
				CLANG_WARN_EMPTY_BODY = YES;
				CLANG_WARN_ENUM_CONVERSION = YES;
				CLANG_WARN_INT_CONVERSION = YES;
				CLANG_WARN_OBJC_ROOT_CLASS = YES_ERROR;
				CLANG_WARN_UNREACHABLE_CODE = YES;
				CLANG_WARN__DUPLICATE_METHOD_MATCH = YES;
				"CODE_SIGN_IDENTITY[sdk=iphoneos*]" = "iPhone Developer";
				COPY_PHASE_STRIP = YES;
				ENABLE_NS_ASSERTIONS = NO;
				ENABLE_STRICT_OBJC_MSGSEND = YES;
				GCC_C_LANGUAGE_STANDARD = gnu99;
				GCC_WARN_64_TO_32_BIT_CONVERSION = YES;
				GCC_WARN_ABOUT_RETURN_TYPE = YES_ERROR;
				GCC_WARN_UNDECLARED_SELECTOR = YES;
				GCC_WARN_UNINITIALIZED_AUTOS = YES_AGGRESSIVE;
				GCC_WARN_UNUSED_FUNCTION = YES;
				GCC_WARN_UNUSED_VARIABLE = YES;
				IPHONEOS_DEPLOYMENT_TARGET = 8.1;
				MTL_ENABLE_DEBUG_INFO = NO;
				SDKROOT = iphoneos;
				TARGETED_DEVICE_FAMILY = "1,2";
				VALIDATE_PRODUCT = YES;
			};
			name = Release;
		};
		F93CF66F1A675029007104D7 /* Debug */ = {
			isa = XCBuildConfiguration;
			buildSettings = {
				ASSETCATALOG_COMPILER_APPICON_NAME = AppIcon;
				INFOPLIST_FILE = "RPN Calculator/Info.plist";
				LD_RUNPATH_SEARCH_PATHS = "$(inherited) @executable_path/Frameworks";
				PRODUCT_NAME = "$(TARGET_NAME)";
			};
			name = Debug;
		};
		F93CF6701A675029007104D7 /* Release */ = {
			isa = XCBuildConfiguration;
			buildSettings = {
				ASSETCATALOG_COMPILER_APPICON_NAME = AppIcon;
				INFOPLIST_FILE = "RPN Calculator/Info.plist";
				LD_RUNPATH_SEARCH_PATHS = "$(inherited) @executable_path/Frameworks";
				PRODUCT_NAME = "$(TARGET_NAME)";
			};
			name = Release;
		};
		F93CF6721A675029007104D7 /* Debug */ = {
			isa = XCBuildConfiguration;
			buildSettings = {
				BUNDLE_LOADER = "$(TEST_HOST)";
				FRAMEWORK_SEARCH_PATHS = (
					"$(SDKROOT)/Developer/Library/Frameworks",
					"$(inherited)",
				);
				GCC_PREPROCESSOR_DEFINITIONS = (
					"DEBUG=1",
					"$(inherited)",
				);
				INFOPLIST_FILE = "RPN CalculatorTests/Info.plist";
				LD_RUNPATH_SEARCH_PATHS = "$(inherited) @executable_path/Frameworks @loader_path/Frameworks";
				PRODUCT_NAME = "$(TARGET_NAME)";
				TEST_HOST = "$(BUILT_PRODUCTS_DIR)/RPN Calculator.app/RPN Calculator";
			};
			name = Debug;
		};
		F93CF6731A675029007104D7 /* Release */ = {
			isa = XCBuildConfiguration;
			buildSettings = {
				BUNDLE_LOADER = "$(TEST_HOST)";
				FRAMEWORK_SEARCH_PATHS = (
					"$(SDKROOT)/Developer/Library/Frameworks",
					"$(inherited)",
				);
				INFOPLIST_FILE = "RPN CalculatorTests/Info.plist";
				LD_RUNPATH_SEARCH_PATHS = "$(inherited) @executable_path/Frameworks @loader_path/Frameworks";
				PRODUCT_NAME = "$(TARGET_NAME)";
				TEST_HOST = "$(BUILT_PRODUCTS_DIR)/RPN Calculator.app/RPN Calculator";
			};
			name = Release;
		};
/* End XCBuildConfiguration section */

/* Begin XCConfigurationList section */
		F93CF6461A675029007104D7 /* Build configuration list for PBXProject "RPN Calculator" */ = {
			isa = XCConfigurationList;
			buildConfigurations = (
				F93CF66C1A675029007104D7 /* Debug */,
				F93CF66D1A675029007104D7 /* Release */,
			);
			defaultConfigurationIsVisible = 0;
			defaultConfigurationName = Release;
		};
		F93CF66E1A675029007104D7 /* Build configuration list for PBXNativeTarget "RPN Calculator" */ = {
			isa = XCConfigurationList;
			buildConfigurations = (
				F93CF66F1A675029007104D7 /* Debug */,
				F93CF6701A675029007104D7 /* Release */,
			);
			defaultConfigurationIsVisible = 0;
			defaultConfigurationName = Release;
		};
		F93CF6711A675029007104D7 /* Build configuration list for PBXNativeTarget "RPN CalculatorTests" */ = {
			isa = XCConfigurationList;
			buildConfigurations = (
				F93CF6721A675029007104D7 /* Debug */,
				F93CF6731A675029007104D7 /* Release */,
			);
			defaultConfigurationIsVisible = 0;
			defaultConfigurationName = Release;
		};
/* End XCConfigurationList section */
	};
	rootObject = F93CF6431A675029007104D7 /* Project object */;
}
